
Microsoft Visual Studio Solution File, Format Version 12.00
# Visual Studio 14
VisualStudioVersion = 14.0.25420.1
MinimumVisualStudioVersion = 10.0.40219.1
Project("{FAE04EC0-301F-11D3-BF4B-00C04F79EFBC}") = "ProdigyConfigToolWPF", "ProdigyConfigToolWPF\ProdigyConfigToolWPF.csproj", "{C7B83FDD-FED5-4F77-811A-F73139E2669D}"
EndProject
Project("{54435603-DBB4-11D2-8724-00A0C9A8B90C}") = "Setup", "SetupWizard\Setup\Setup.vdproj", "{5A267CB0-CADB-4BA1-A52D-1EBFF8230876}"
EndProject
Project("{FAE04EC0-301F-11D3-BF4B-00C04F79EFBC}") = "SQLiter", "SQLiter\SQLiter\SQLiter.csproj", "{E6299EDD-5263-4DD5-9EAE-2B3E32103FC5}"
EndProject
Global
	GlobalSection(SolutionConfigurationPlatforms) = preSolution
		Debug|Any CPU = Debug|Any CPU
		Release|Any CPU = Release|Any CPU
	EndGlobalSection
	GlobalSection(ProjectConfigurationPlatforms) = postSolution
		{C7B83FDD-FED5-4F77-811A-F73139E2669D}.Debug|Any CPU.ActiveCfg = Debug|Any CPU
		{C7B83FDD-FED5-4F77-811A-F73139E2669D}.Debug|Any CPU.Build.0 = Debug|Any CPU
		{C7B83FDD-FED5-4F77-811A-F73139E2669D}.Release|Any CPU.ActiveCfg = Release|Any CPU
		{C7B83FDD-FED5-4F77-811A-F73139E2669D}.Release|Any CPU.Build.0 = Release|Any CPU
		{5A267CB0-CADB-4BA1-A52D-1EBFF8230876}.Debug|Any CPU.ActiveCfg = Debug
		{5A267CB0-CADB-4BA1-A52D-1EBFF8230876}.Release|Any CPU.ActiveCfg = Release
		{E6299EDD-5263-4DD5-9EAE-2B3E32103FC5}.Debug|Any CPU.ActiveCfg = Debug|Any CPU
		{E6299EDD-5263-4DD5-9EAE-2B3E32103FC5}.Debug|Any CPU.Build.0 = Debug|Any CPU
		{E6299EDD-5263-4DD5-9EAE-2B3E32103FC5}.Release|Any CPU.ActiveCfg = Release|Any CPU
		{E6299EDD-5263-4DD5-9EAE-2B3E32103FC5}.Release|Any CPU.Build.0 = Release|Any CPU
	EndGlobalSection
	GlobalSection(SolutionProperties) = preSolution
		HideSolutionNode = FALSE
	EndGlobalSection
EndGlobal
